
Microsoft Visual Studio Solution File, Format Version 12.00
# Visual Studio 15
VisualStudioVersion = 15.0.27428.2043
MinimumVisualStudioVersion = 10.0.40219.1
Project("{FAE04EC0-301F-11D3-BF4B-00C04F79EFBC}") = "ConsoleApp1", "ConsoleApp1\ConsoleApp1.csproj", "{9085F97F-479E-451B-9E02-9F25A3509293}"
EndProject
Global
	GlobalSection(SolutionConfigurationPlatforms) = preSolution
		Debug|Any CPU = Debug|Any CPU
		Release|Any CPU = Release|Any CPU
	EndGlobalSection
	GlobalSection(ProjectConfigurationPlatforms) = postSolution
		{9085F97F-479E-451B-9E02-9F25A3509293}.Debug|Any CPU.ActiveCfg = Debug|Any CPU
		{9085F97F-479E-451B-9E02-9F25A3509293}.Debug|Any CPU.Build.0 = Debug|Any CPU
		{9085F97F-479E-451B-9E02-9F25A3509293}.Release|Any CPU.ActiveCfg = Release|Any CPU
		{9085F97F-479E-451B-9E02-9F25A3509293}.Release|Any CPU.Build.0 = Release|Any CPU
	EndGlobalSection
	GlobalSection(SolutionProperties) = preSolution
		HideSolutionNode = FALSE
	EndGlobalSection
	GlobalSection(ExtensibilityGlobals) = postSolution
		SolutionGuid = {5ECE9228-5AD6-4526-A5FC-EB6C193B1035}
	EndGlobalSection
EndGlobal
